
Microsoft Visual Studio Solution File, Format Version 12.00
# Visual Studio Version 17
VisualStudioVersion = 17.5.002.0
MinimumVisualStudioVersion = 10.0.40219.1
Project("{2150E333-8FDC-42A3-9474-1A3956D46DE8}") = "prepare", "prepare", "{16848DEB-1A87-4B67-95D7-2490B8BD2E18}"
EndProject
Project("{9A19103F-16F7-4668-BE54-9A1E7A4F7556}") = "Learning02", "prepare\Learning02\Learning02.csproj", "{677A1D40-9F24-466A-9F72-58E3B6096E19}"
EndProject
Project("{9A19103F-16F7-4668-BE54-9A1E7A4F7556}") = "Learning05", "prepare\Learning05\Learning05.csproj", "{90CC842A-13B5-4C93-B0A3-18F31110317B}"
EndProject
Project("{9A19103F-16F7-4668-BE54-9A1E7A4F7556}") = "Learning04", "prepare\Learning04\Learning04.csproj", "{FD2FAFD8-F80E-40EE-97D1-1CD6245014AE}"
EndProject
Project("{9A19103F-16F7-4668-BE54-9A1E7A4F7556}") = "Learning03", "prepare\Learning03\Learning03.csproj", "{4CE8BF34-3A8B-4159-A3E0-6DFA1AF7CA3B}"
EndProject
Project("{2150E333-8FDC-42A3-9474-1A3956D46DE8}") = "prove", "prove", "{DF3386EC-C794-43D0-A6D4-D60CF71B6944}"
EndProject
Project("{9A19103F-16F7-4668-BE54-9A1E7A4F7556}") = "Develop03", "prove\Develop03\Develop03.csproj", "{BD47CA55-96E8-450D-AB73-26422F9B38A2}"
EndProject
Project("{9A19103F-16F7-4668-BE54-9A1E7A4F7556}") = "Develop04", "prove\Develop04\Develop04.csproj", "{44318410-5B7A-4B5F-AC26-94860862309E}"
EndProject
Project("{9A19103F-16F7-4668-BE54-9A1E7A4F7556}") = "Develop05", "prove\Develop05\Develop05.csproj", "{9332EE7B-9126-4596-9599-6D9D049E6881}"
EndProject
Project("{9A19103F-16F7-4668-BE54-9A1E7A4F7556}") = "Develop02", "prove\Develop02\Develop02.csproj", "{AC3A5AB6-D9BB-4DA1-AE8F-EB1814217479}"
EndProject
Project("{2150E333-8FDC-42A3-9474-1A3956D46DE8}") = "sandbox", "sandbox", "{92AC6C65-A49A-45B9-B288-0CD35D00CEC1}"
EndProject
Project("{9A19103F-16F7-4668-BE54-9A1E7A4F7556}") = "Sandbox", "sandbox\Sandbox\Sandbox.csproj", "{992CB70F-4B1F-4678-A024-3429C70B4243}"
EndProject
Project("{2150E333-8FDC-42A3-9474-1A3956D46DE8}") = "final", "final", "{DF780CFB-1FF1-431E-81D2-806743DF3834}"
EndProject
Project("{9A19103F-16F7-4668-BE54-9A1E7A4F7556}") = "FinalProject", "final\FinalProject\FinalProject.csproj", "{0A4DD9BA-7893-4E9A-9C98-63B2CE6E2747}"
EndProject
Project("{9A19103F-16F7-4668-BE54-9A1E7A4F7556}") = "Foundation1", "final\Foundation1\Foundation1.csproj", "{C0BE8B62-B513-4DA5-9B3D-D56806C0DC36}"
EndProject
Project("{9A19103F-16F7-4668-BE54-9A1E7A4F7556}") = "Foundation4", "final\Foundation4\Foundation4.csproj", "{BC0EDA1D-70D5-44CB-A243-74161CEE32C7}"
EndProject
Project("{9A19103F-16F7-4668-BE54-9A1E7A4F7556}") = "Foundation3", "final\Foundation3\Foundation3.csproj", "{91A35282-3E35-4A09-BAB6-710763ACAE10}"
EndProject
Project("{9A19103F-16F7-4668-BE54-9A1E7A4F7556}") = "Foundation2", "final\Foundation2\Foundation2.csproj", "{54BCB583-5EEE-4A69-AD74-3D89503688CE}"
EndProject
Project("{2150E333-8FDC-42A3-9474-1A3956D46DE8}") = "csharp-prep", "csharp-prep", "{2DB783B2-5C68-4168-AB23-000141DF0AD9}"
EndProject
Project("{9A19103F-16F7-4668-BE54-9A1E7A4F7556}") = "Prep1", "csharp-prep\Prep1\Prep1.csproj", "{4BFFE31F-7E17-4F5F-9042-DF3FCE5D8FF5}"
EndProject
Project("{9A19103F-16F7-4668-BE54-9A1E7A4F7556}") = "Prep5", "csharp-prep\Prep5\Prep5.csproj", "{B6DE0E17-5DE9-46F0-BFFA-05E0FCC0186A}"
EndProject
Project("{9A19103F-16F7-4668-BE54-9A1E7A4F7556}") = "Prep2", "csharp-prep\Prep2\Prep2.csproj", "{EABE989E-F931-4403-8E70-49E81BE9B5E5}"
EndProject
Project("{9A19103F-16F7-4668-BE54-9A1E7A4F7556}") = "Prep3", "csharp-prep\Prep3\Prep3.csproj", "{2CE538F9-CCBC-48A4-9D09-79713E7376F6}"
EndProject
Project("{9A19103F-16F7-4668-BE54-9A1E7A4F7556}") = "Prep4", "csharp-prep\Prep4\Prep4.csproj", "{98D853C9-5901-4D57-A8CD-87CF63EAEE4E}"
EndProject
Global
	GlobalSection(SolutionConfigurationPlatforms) = preSolution
		Debug|Any CPU = Debug|Any CPU
		Release|Any CPU = Release|Any CPU
	EndGlobalSection
	GlobalSection(ProjectConfigurationPlatforms) = postSolution
		{677A1D40-9F24-466A-9F72-58E3B6096E19}.Debug|Any CPU.ActiveCfg = Debug|Any CPU
		{677A1D40-9F24-466A-9F72-58E3B6096E19}.Debug|Any CPU.Build.0 = Debug|Any CPU
		{677A1D40-9F24-466A-9F72-58E3B6096E19}.Release|Any CPU.ActiveCfg = Release|Any CPU
		{677A1D40-9F24-466A-9F72-58E3B6096E19}.Release|Any CPU.Build.0 = Release|Any CPU
		{90CC842A-13B5-4C93-B0A3-18F31110317B}.Debug|Any CPU.ActiveCfg = Debug|Any CPU
		{90CC842A-13B5-4C93-B0A3-18F31110317B}.Debug|Any CPU.Build.0 = Debug|Any CPU
		{90CC842A-13B5-4C93-B0A3-18F31110317B}.Release|Any CPU.ActiveCfg = Release|Any CPU
		{90CC842A-13B5-4C93-B0A3-18F31110317B}.Release|Any CPU.Build.0 = Release|Any CPU
		{FD2FAFD8-F80E-40EE-97D1-1CD6245014AE}.Debug|Any CPU.ActiveCfg = Debug|Any CPU
		{FD2FAFD8-F80E-40EE-97D1-1CD6245014AE}.Debug|Any CPU.Build.0 = Debug|Any CPU
		{FD2FAFD8-F80E-40EE-97D1-1CD6245014AE}.Release|Any CPU.ActiveCfg = Release|Any CPU
		{FD2FAFD8-F80E-40EE-97D1-1CD6245014AE}.Release|Any CPU.Build.0 = Release|Any CPU
		{4CE8BF34-3A8B-4159-A3E0-6DFA1AF7CA3B}.Debug|Any CPU.ActiveCfg = Debug|Any CPU
		{4CE8BF34-3A8B-4159-A3E0-6DFA1AF7CA3B}.Debug|Any CPU.Build.0 = Debug|Any CPU
		{4CE8BF34-3A8B-4159-A3E0-6DFA1AF7CA3B}.Release|Any CPU.ActiveCfg = Release|Any CPU
		{4CE8BF34-3A8B-4159-A3E0-6DFA1AF7CA3B}.Release|Any CPU.Build.0 = Release|Any CPU
		{BD47CA55-96E8-450D-AB73-26422F9B38A2}.Debug|Any CPU.ActiveCfg = Debug|Any CPU
		{BD47CA55-96E8-450D-AB73-26422F9B38A2}.Debug|Any CPU.Build.0 = Debug|Any CPU
		{BD47CA55-96E8-450D-AB73-26422F9B38A2}.Release|Any CPU.ActiveCfg = Release|Any CPU
		{BD47CA55-96E8-450D-AB73-26422F9B38A2}.Release|Any CPU.Build.0 = Release|Any CPU
		{44318410-5B7A-4B5F-AC26-94860862309E}.Debug|Any CPU.ActiveCfg = Debug|Any CPU
		{44318410-5B7A-4B5F-AC26-94860862309E}.Debug|Any CPU.Build.0 = Debug|Any CPU
		{44318410-5B7A-4B5F-AC26-94860862309E}.Release|Any CPU.ActiveCfg = Release|Any CPU
		{44318410-5B7A-4B5F-AC26-94860862309E}.Release|Any CPU.Build.0 = Release|Any CPU
		{9332EE7B-9126-4596-9599-6D9D049E6881}.Debug|Any CPU.ActiveCfg = Debug|Any CPU
		{9332EE7B-9126-4596-9599-6D9D049E6881}.Debug|Any CPU.Build.0 = Debug|Any CPU
		{9332EE7B-9126-4596-9599-6D9D049E6881}.Release|Any CPU.ActiveCfg = Release|Any CPU
		{9332EE7B-9126-4596-9599-6D9D049E6881}.Release|Any CPU.Build.0 = Release|Any CPU
		{AC3A5AB6-D9BB-4DA1-AE8F-EB1814217479}.Debug|Any CPU.ActiveCfg = Debug|Any CPU
		{AC3A5AB6-D9BB-4DA1-AE8F-EB1814217479}.Debug|Any CPU.Build.0 = Debug|Any CPU
		{AC3A5AB6-D9BB-4DA1-AE8F-EB1814217479}.Release|Any CPU.ActiveCfg = Release|Any CPU
		{AC3A5AB6-D9BB-4DA1-AE8F-EB1814217479}.Release|Any CPU.Build.0 = Release|Any CPU
		{992CB70F-4B1F-4678-A024-3429C70B4243}.Debug|Any CPU.ActiveCfg = Debug|Any CPU
		{992CB70F-4B1F-4678-A024-3429C70B4243}.Debug|Any CPU.Build.0 = Debug|Any CPU
		{992CB70F-4B1F-4678-A024-3429C70B4243}.Release|Any CPU.ActiveCfg = Release|Any CPU
		{992CB70F-4B1F-4678-A024-3429C70B4243}.Release|Any CPU.Build.0 = Release|Any CPU
		{0A4DD9BA-7893-4E9A-9C98-63B2CE6E2747}.Debug|Any CPU.ActiveCfg = Debug|Any CPU
		{0A4DD9BA-7893-4E9A-9C98-63B2CE6E2747}.Debug|Any CPU.Build.0 = Debug|Any CPU
		{0A4DD9BA-7893-4E9A-9C98-63B2CE6E2747}.Release|Any CPU.ActiveCfg = Release|Any CPU
		{0A4DD9BA-7893-4E9A-9C98-63B2CE6E2747}.Release|Any CPU.Build.0 = Release|Any CPU
		{C0BE8B62-B513-4DA5-9B3D-D56806C0DC36}.Debug|Any CPU.ActiveCfg = Debug|Any CPU
		{C0BE8B62-B513-4DA5-9B3D-D56806C0DC36}.Debug|Any CPU.Build.0 = Debug|Any CPU
		{C0BE8B62-B513-4DA5-9B3D-D56806C0DC36}.Release|Any CPU.ActiveCfg = Release|Any CPU
		{C0BE8B62-B513-4DA5-9B3D-D56806C0DC36}.Release|Any CPU.Build.0 = Release|Any CPU
		{BC0EDA1D-70D5-44CB-A243-74161CEE32C7}.Debug|Any CPU.ActiveCfg = Debug|Any CPU
		{BC0EDA1D-70D5-44CB-A243-74161CEE32C7}.Debug|Any CPU.Build.0 = Debug|Any CPU
		{BC0EDA1D-70D5-44CB-A243-74161CEE32C7}.Release|Any CPU.ActiveCfg = Release|Any CPU
		{BC0EDA1D-70D5-44CB-A243-74161CEE32C7}.Release|Any CPU.Build.0 = Release|Any CPU
		{91A35282-3E35-4A09-BAB6-710763ACAE10}.Debug|Any CPU.ActiveCfg = Debug|Any CPU
		{91A35282-3E35-4A09-BAB6-710763ACAE10}.Debug|Any CPU.Build.0 = Debug|Any CPU
		{91A35282-3E35-4A09-BAB6-710763ACAE10}.Release|Any CPU.ActiveCfg = Release|Any CPU
		{91A35282-3E35-4A09-BAB6-710763ACAE10}.Release|Any CPU.Build.0 = Release|Any CPU
		{54BCB583-5EEE-4A69-AD74-3D89503688CE}.Debug|Any CPU.ActiveCfg = Debug|Any CPU
		{54BCB583-5EEE-4A69-AD74-3D89503688CE}.Debug|Any CPU.Build.0 = Debug|Any CPU
		{54BCB583-5EEE-4A69-AD74-3D89503688CE}.Release|Any CPU.ActiveCfg = Release|Any CPU
		{54BCB583-5EEE-4A69-AD74-3D89503688CE}.Release|Any CPU.Build.0 = Release|Any CPU
		{4BFFE31F-7E17-4F5F-9042-DF3FCE5D8FF5}.Debug|Any CPU.ActiveCfg = Debug|Any CPU
		{4BFFE31F-7E17-4F5F-9042-DF3FCE5D8FF5}.Debug|Any CPU.Build.0 = Debug|Any CPU
		{4BFFE31F-7E17-4F5F-9042-DF3FCE5D8FF5}.Release|Any CPU.ActiveCfg = Release|Any CPU
		{4BFFE31F-7E17-4F5F-9042-DF3FCE5D8FF5}.Release|Any CPU.Build.0 = Release|Any CPU
		{B6DE0E17-5DE9-46F0-BFFA-05E0FCC0186A}.Debug|Any CPU.ActiveCfg = Debug|Any CPU
		{B6DE0E17-5DE9-46F0-BFFA-05E0FCC0186A}.Debug|Any CPU.Build.0 = Debug|Any CPU
		{B6DE0E17-5DE9-46F0-BFFA-05E0FCC0186A}.Release|Any CPU.ActiveCfg = Release|Any CPU
		{B6DE0E17-5DE9-46F0-BFFA-05E0FCC0186A}.Release|Any CPU.Build.0 = Release|Any CPU
		{EABE989E-F931-4403-8E70-49E81BE9B5E5}.Debug|Any CPU.ActiveCfg = Debug|Any CPU
		{EABE989E-F931-4403-8E70-49E81BE9B5E5}.Debug|Any CPU.Build.0 = Debug|Any CPU
		{EABE989E-F931-4403-8E70-49E81BE9B5E5}.Release|Any CPU.ActiveCfg = Release|Any CPU
		{EABE989E-F931-4403-8E70-49E81BE9B5E5}.Release|Any CPU.Build.0 = Release|Any CPU
		{2CE538F9-CCBC-48A4-9D09-79713E7376F6}.Debug|Any CPU.ActiveCfg = Debug|Any CPU
		{2CE538F9-CCBC-48A4-9D09-79713E7376F6}.Debug|Any CPU.Build.0 = Debug|Any CPU
		{2CE538F9-CCBC-48A4-9D09-79713E7376F6}.Release|Any CPU.ActiveCfg = Release|Any CPU
		{2CE538F9-CCBC-48A4-9D09-79713E7376F6}.Release|Any CPU.Build.0 = Release|Any CPU
		{98D853C9-5901-4D57-A8CD-87CF63EAEE4E}.Debug|Any CPU.ActiveCfg = Debug|Any CPU
		{98D853C9-5901-4D57-A8CD-87CF63EAEE4E}.Debug|Any CPU.Build.0 = Debug|Any CPU
		{98D853C9-5901-4D57-A8CD-87CF63EAEE4E}.Release|Any CPU.ActiveCfg = Release|Any CPU
		{98D853C9-5901-4D57-A8CD-87CF63EAEE4E}.Release|Any CPU.Build.0 = Release|Any CPU
	EndGlobalSection
	GlobalSection(SolutionProperties) = preSolution
		HideSolutionNode = FALSE
	EndGlobalSection
	GlobalSection(NestedProjects) = preSolution
		{677A1D40-9F24-466A-9F72-58E3B6096E19} = {16848DEB-1A87-4B67-95D7-2490B8BD2E18}
		{90CC842A-13B5-4C93-B0A3-18F31110317B} = {16848DEB-1A87-4B67-95D7-2490B8BD2E18}
		{FD2FAFD8-F80E-40EE-97D1-1CD6245014AE} = {16848DEB-1A87-4B67-95D7-2490B8BD2E18}
		{4CE8BF34-3A8B-4159-A3E0-6DFA1AF7CA3B} = {16848DEB-1A87-4B67-95D7-2490B8BD2E18}
		{BD47CA55-96E8-450D-AB73-26422F9B38A2} = {DF3386EC-C794-43D0-A6D4-D60CF71B6944}
		{44318410-5B7A-4B5F-AC26-94860862309E} = {DF3386EC-C794-43D0-A6D4-D60CF71B6944}
		{9332EE7B-9126-4596-9599-6D9D049E6881} = {DF3386EC-C794-43D0-A6D4-D60CF71B6944}
		{AC3A5AB6-D9BB-4DA1-AE8F-EB1814217479} = {DF3386EC-C794-43D0-A6D4-D60CF71B6944}
		{992CB70F-4B1F-4678-A024-3429C70B4243} = {92AC6C65-A49A-45B9-B288-0CD35D00CEC1}
		{0A4DD9BA-7893-4E9A-9C98-63B2CE6E2747} = {DF780CFB-1FF1-431E-81D2-806743DF3834}
		{C0BE8B62-B513-4DA5-9B3D-D56806C0DC36} = {DF780CFB-1FF1-431E-81D2-806743DF3834}
		{BC0EDA1D-70D5-44CB-A243-74161CEE32C7} = {DF780CFB-1FF1-431E-81D2-806743DF3834}
		{91A35282-3E35-4A09-BAB6-710763ACAE10} = {DF780CFB-1FF1-431E-81D2-806743DF3834}
		{54BCB583-5EEE-4A69-AD74-3D89503688CE} = {DF780CFB-1FF1-431E-81D2-806743DF3834}
		{4BFFE31F-7E17-4F5F-9042-DF3FCE5D8FF5} = {2DB783B2-5C68-4168-AB23-000141DF0AD9}
		{B6DE0E17-5DE9-46F0-BFFA-05E0FCC0186A} = {2DB783B2-5C68-4168-AB23-000141DF0AD9}
		{EABE989E-F931-4403-8E70-49E81BE9B5E5} = {2DB783B2-5C68-4168-AB23-000141DF0AD9}
		{2CE538F9-CCBC-48A4-9D09-79713E7376F6} = {2DB783B2-5C68-4168-AB23-000141DF0AD9}
		{98D853C9-5901-4D57-A8CD-87CF63EAEE4E} = {2DB783B2-5C68-4168-AB23-000141DF0AD9}
	EndGlobalSection
	GlobalSection(ExtensibilityGlobals) = postSolution
		SolutionGuid = {A4DF69BD-32FF-475E-8C7B-B8A4E3E7C714}
	EndGlobalSection
EndGlobal
